
Microsoft Visual Studio Solution File, Format Version 12.00
# Visual Studio Version 16
VisualStudioVersion = 16.0.31605.320
MinimumVisualStudioVersion = 10.0.40219.1
Project("{FAE04EC0-301F-11D3-BF4B-00C04F79EFBC}") = "ThisKeyWordEx", "ThisKeyWordEx\ThisKeyWordEx.csproj", "{B057AEED-8157-4FB5-B84C-DE6E18DCFFAE}"
EndProject
Global
	GlobalSection(SolutionConfigurationPlatforms) = preSolution
		Debug|Any CPU = Debug|Any CPU
		Release|Any CPU = Release|Any CPU
	EndGlobalSection
	GlobalSection(ProjectConfigurationPlatforms) = postSolution
		{B057AEED-8157-4FB5-B84C-DE6E18DCFFAE}.Debug|Any CPU.ActiveCfg = Debug|Any CPU
		{B057AEED-8157-4FB5-B84C-DE6E18DCFFAE}.Debug|Any CPU.Build.0 = Debug|Any CPU
		{B057AEED-8157-4FB5-B84C-DE6E18DCFFAE}.Release|Any CPU.ActiveCfg = Release|Any CPU
		{B057AEED-8157-4FB5-B84C-DE6E18DCFFAE}.Release|Any CPU.Build.0 = Release|Any CPU
	EndGlobalSection
	GlobalSection(SolutionProperties) = preSolution
		HideSolutionNode = FALSE
	EndGlobalSection
	GlobalSection(ExtensibilityGlobals) = postSolution
		SolutionGuid = {550B7763-2FD4-41B4-9EEC-5CBBB96A0ABA}
	EndGlobalSection
EndGlobal
