
Microsoft Visual Studio Solution File, Format Version 12.00
# Visual Studio Version 16
VisualStudioVersion = 16.0.31605.320
MinimumVisualStudioVersion = 10.0.40219.1
Project("{FAE04EC0-301F-11D3-BF4B-00C04F79EFBC}") = "WebApi_Core_Demo", "WebApi_Core_Demo\WebApi_Core_Demo.csproj", "{EC4E74CA-A158-49C6-B777-F42ACCD6D92B}"
EndProject
Global
	GlobalSection(SolutionConfigurationPlatforms) = preSolution
		Debug|Any CPU = Debug|Any CPU
		Release|Any CPU = Release|Any CPU
	EndGlobalSection
	GlobalSection(ProjectConfigurationPlatforms) = postSolution
		{EC4E74CA-A158-49C6-B777-F42ACCD6D92B}.Debug|Any CPU.ActiveCfg = Debug|Any CPU
		{EC4E74CA-A158-49C6-B777-F42ACCD6D92B}.Debug|Any CPU.Build.0 = Debug|Any CPU
		{EC4E74CA-A158-49C6-B777-F42ACCD6D92B}.Release|Any CPU.ActiveCfg = Release|Any CPU
		{EC4E74CA-A158-49C6-B777-F42ACCD6D92B}.Release|Any CPU.Build.0 = Release|Any CPU
	EndGlobalSection
	GlobalSection(SolutionProperties) = preSolution
		HideSolutionNode = FALSE
	EndGlobalSection
	GlobalSection(ExtensibilityGlobals) = postSolution
		SolutionGuid = {5C3C3072-232A-4249-80D6-0636A7A63859}
	EndGlobalSection
EndGlobal
