
Microsoft Visual Studio Solution File, Format Version 12.00
# Visual Studio Version 16
VisualStudioVersion = 16.0.31605.320
MinimumVisualStudioVersion = 10.0.40219.1
Project("{FAE04EC0-301F-11D3-BF4B-00C04F79EFBC}") = "IEnumerableVsIEnumerator", "IEnumerableVsIEnumerator\IEnumerableVsIEnumerator.csproj", "{9F17B588-23F0-42CF-9941-DF2573190C87}"
EndProject
Global
	GlobalSection(SolutionConfigurationPlatforms) = preSolution
		Debug|Any CPU = Debug|Any CPU
		Release|Any CPU = Release|Any CPU
	EndGlobalSection
	GlobalSection(ProjectConfigurationPlatforms) = postSolution
		{9F17B588-23F0-42CF-9941-DF2573190C87}.Debug|Any CPU.ActiveCfg = Debug|Any CPU
		{9F17B588-23F0-42CF-9941-DF2573190C87}.Debug|Any CPU.Build.0 = Debug|Any CPU
		{9F17B588-23F0-42CF-9941-DF2573190C87}.Release|Any CPU.ActiveCfg = Release|Any CPU
		{9F17B588-23F0-42CF-9941-DF2573190C87}.Release|Any CPU.Build.0 = Release|Any CPU
	EndGlobalSection
	GlobalSection(SolutionProperties) = preSolution
		HideSolutionNode = FALSE
	EndGlobalSection
	GlobalSection(ExtensibilityGlobals) = postSolution
		SolutionGuid = {6B96943E-DFC3-4E25-BA63-A3C30FA578BF}
	EndGlobalSection
EndGlobal
