
Microsoft Visual Studio Solution File, Format Version 12.00
# Visual Studio Version 16
VisualStudioVersion = 16.0.31605.320
MinimumVisualStudioVersion = 10.0.40219.1
Project("{FAE04EC0-301F-11D3-BF4B-00C04F79EFBC}") = "ActionResultDemo", "ActionResultDemo\ActionResultDemo.csproj", "{D083AE6A-3F70-4196-AB7A-7B3FB37C484B}"
EndProject
Global
	GlobalSection(SolutionConfigurationPlatforms) = preSolution
		Debug|Any CPU = Debug|Any CPU
		Release|Any CPU = Release|Any CPU
	EndGlobalSection
	GlobalSection(ProjectConfigurationPlatforms) = postSolution
		{D083AE6A-3F70-4196-AB7A-7B3FB37C484B}.Debug|Any CPU.ActiveCfg = Debug|Any CPU
		{D083AE6A-3F70-4196-AB7A-7B3FB37C484B}.Debug|Any CPU.Build.0 = Debug|Any CPU
		{D083AE6A-3F70-4196-AB7A-7B3FB37C484B}.Release|Any CPU.ActiveCfg = Release|Any CPU
		{D083AE6A-3F70-4196-AB7A-7B3FB37C484B}.Release|Any CPU.Build.0 = Release|Any CPU
	EndGlobalSection
	GlobalSection(SolutionProperties) = preSolution
		HideSolutionNode = FALSE
	EndGlobalSection
	GlobalSection(ExtensibilityGlobals) = postSolution
		SolutionGuid = {1DA7B976-FF79-487D-B9D7-F3D077387D22}
	EndGlobalSection
EndGlobal
