
Microsoft Visual Studio Solution File, Format Version 12.00
# Visual Studio Version 16
VisualStudioVersion = 16.0.31605.320
MinimumVisualStudioVersion = 10.0.40219.1
Project("{FAE04EC0-301F-11D3-BF4B-00C04F79EFBC}") = "ValueTypeVsReferenceType", "ValueTypeVsReferenceType\ValueTypeVsReferenceType.csproj", "{5AE35A2F-0CB3-43E6-A24D-2446E884284A}"
EndProject
Global
	GlobalSection(SolutionConfigurationPlatforms) = preSolution
		Debug|Any CPU = Debug|Any CPU
		Release|Any CPU = Release|Any CPU
	EndGlobalSection
	GlobalSection(ProjectConfigurationPlatforms) = postSolution
		{5AE35A2F-0CB3-43E6-A24D-2446E884284A}.Debug|Any CPU.ActiveCfg = Debug|Any CPU
		{5AE35A2F-0CB3-43E6-A24D-2446E884284A}.Debug|Any CPU.Build.0 = Debug|Any CPU
		{5AE35A2F-0CB3-43E6-A24D-2446E884284A}.Release|Any CPU.ActiveCfg = Release|Any CPU
		{5AE35A2F-0CB3-43E6-A24D-2446E884284A}.Release|Any CPU.Build.0 = Release|Any CPU
	EndGlobalSection
	GlobalSection(SolutionProperties) = preSolution
		HideSolutionNode = FALSE
	EndGlobalSection
	GlobalSection(ExtensibilityGlobals) = postSolution
		SolutionGuid = {F7971012-9DEE-49D2-B48D-3117C4F6A73F}
	EndGlobalSection
EndGlobal
