
Microsoft Visual Studio Solution File, Format Version 12.00
# Visual Studio Version 16
VisualStudioVersion = 16.0.31605.320
MinimumVisualStudioVersion = 10.0.40219.1
Project("{FAE04EC0-301F-11D3-BF4B-00C04F79EFBC}") = "MyFirstProgramProject", "MyFirstProgramProject\MyFirstProgramProject.csproj", "{BA111EC7-6173-4D84-9DD2-8C75BAD0659B}"
EndProject
Global
	GlobalSection(SolutionConfigurationPlatforms) = preSolution
		Debug|Any CPU = Debug|Any CPU
		Release|Any CPU = Release|Any CPU
	EndGlobalSection
	GlobalSection(ProjectConfigurationPlatforms) = postSolution
		{BA111EC7-6173-4D84-9DD2-8C75BAD0659B}.Debug|Any CPU.ActiveCfg = Debug|Any CPU
		{BA111EC7-6173-4D84-9DD2-8C75BAD0659B}.Debug|Any CPU.Build.0 = Debug|Any CPU
		{BA111EC7-6173-4D84-9DD2-8C75BAD0659B}.Release|Any CPU.ActiveCfg = Release|Any CPU
		{BA111EC7-6173-4D84-9DD2-8C75BAD0659B}.Release|Any CPU.Build.0 = Release|Any CPU
	EndGlobalSection
	GlobalSection(SolutionProperties) = preSolution
		HideSolutionNode = FALSE
	EndGlobalSection
	GlobalSection(ExtensibilityGlobals) = postSolution
		SolutionGuid = {C78593B9-540A-4778-828B-8EB3DB8C6818}
	EndGlobalSection
EndGlobal
