
Microsoft Visual Studio Solution File, Format Version 12.00
# Visual Studio Version 16
VisualStudioVersion = 16.0.31605.320
MinimumVisualStudioVersion = 10.0.40219.1
Project("{FAE04EC0-301F-11D3-BF4B-00C04F79EFBC}") = "ClassEx", "ClassEx\ClassEx.csproj", "{77A77B8E-D5D3-459E-A420-55863ACBA9E1}"
EndProject
Global
	GlobalSection(SolutionConfigurationPlatforms) = preSolution
		Debug|Any CPU = Debug|Any CPU
		Release|Any CPU = Release|Any CPU
	EndGlobalSection
	GlobalSection(ProjectConfigurationPlatforms) = postSolution
		{77A77B8E-D5D3-459E-A420-55863ACBA9E1}.Debug|Any CPU.ActiveCfg = Debug|Any CPU
		{77A77B8E-D5D3-459E-A420-55863ACBA9E1}.Debug|Any CPU.Build.0 = Debug|Any CPU
		{77A77B8E-D5D3-459E-A420-55863ACBA9E1}.Release|Any CPU.ActiveCfg = Release|Any CPU
		{77A77B8E-D5D3-459E-A420-55863ACBA9E1}.Release|Any CPU.Build.0 = Release|Any CPU
	EndGlobalSection
	GlobalSection(SolutionProperties) = preSolution
		HideSolutionNode = FALSE
	EndGlobalSection
	GlobalSection(ExtensibilityGlobals) = postSolution
		SolutionGuid = {564E081A-08B7-4B7F-83F8-B53CE02AD1B6}
	EndGlobalSection
EndGlobal
