
Microsoft Visual Studio Solution File, Format Version 12.00
# Visual Studio Version 16
VisualStudioVersion = 16.0.31605.320
MinimumVisualStudioVersion = 10.0.40219.1
Project("{FAE04EC0-301F-11D3-BF4B-00C04F79EFBC}") = "PropertyDemo", "PropertyDemo\PropertyDemo.csproj", "{5478C465-75A1-453F-9CAC-16707C26052B}"
EndProject
Global
	GlobalSection(SolutionConfigurationPlatforms) = preSolution
		Debug|Any CPU = Debug|Any CPU
		Release|Any CPU = Release|Any CPU
	EndGlobalSection
	GlobalSection(ProjectConfigurationPlatforms) = postSolution
		{5478C465-75A1-453F-9CAC-16707C26052B}.Debug|Any CPU.ActiveCfg = Debug|Any CPU
		{5478C465-75A1-453F-9CAC-16707C26052B}.Debug|Any CPU.Build.0 = Debug|Any CPU
		{5478C465-75A1-453F-9CAC-16707C26052B}.Release|Any CPU.ActiveCfg = Release|Any CPU
		{5478C465-75A1-453F-9CAC-16707C26052B}.Release|Any CPU.Build.0 = Release|Any CPU
	EndGlobalSection
	GlobalSection(SolutionProperties) = preSolution
		HideSolutionNode = FALSE
	EndGlobalSection
	GlobalSection(ExtensibilityGlobals) = postSolution
		SolutionGuid = {C0DAAD1F-7110-4066-B2BF-7516C6A66C89}
	EndGlobalSection
EndGlobal
