
Microsoft Visual Studio Solution File, Format Version 12.00
# Visual Studio Version 16
VisualStudioVersion = 16.0.31605.320
MinimumVisualStudioVersion = 10.0.40219.1
Project("{FAE04EC0-301F-11D3-BF4B-00C04F79EFBC}") = "ConstructorChainingDemo", "ConstructorChainingDemo\ConstructorChainingDemo.csproj", "{30334FE4-18D7-49A7-9741-36E93C72083E}"
EndProject
Global
	GlobalSection(SolutionConfigurationPlatforms) = preSolution
		Debug|Any CPU = Debug|Any CPU
		Release|Any CPU = Release|Any CPU
	EndGlobalSection
	GlobalSection(ProjectConfigurationPlatforms) = postSolution
		{30334FE4-18D7-49A7-9741-36E93C72083E}.Debug|Any CPU.ActiveCfg = Debug|Any CPU
		{30334FE4-18D7-49A7-9741-36E93C72083E}.Debug|Any CPU.Build.0 = Debug|Any CPU
		{30334FE4-18D7-49A7-9741-36E93C72083E}.Release|Any CPU.ActiveCfg = Release|Any CPU
		{30334FE4-18D7-49A7-9741-36E93C72083E}.Release|Any CPU.Build.0 = Release|Any CPU
	EndGlobalSection
	GlobalSection(SolutionProperties) = preSolution
		HideSolutionNode = FALSE
	EndGlobalSection
	GlobalSection(ExtensibilityGlobals) = postSolution
		SolutionGuid = {521B5C65-BDAF-4C54-9844-8EBFBE67A72E}
	EndGlobalSection
EndGlobal
