
Microsoft Visual Studio Solution File, Format Version 12.00
# Visual Studio Version 16
VisualStudioVersion = 16.0.31605.320
MinimumVisualStudioVersion = 10.0.40219.1
Project("{FAE04EC0-301F-11D3-BF4B-00C04F79EFBC}") = "JaggedArrayEx", "JaggedArrayEx\JaggedArrayEx.csproj", "{133A059C-2CA1-4F6C-9EBD-B7AB3B186ADA}"
EndProject
Global
	GlobalSection(SolutionConfigurationPlatforms) = preSolution
		Debug|Any CPU = Debug|Any CPU
		Release|Any CPU = Release|Any CPU
	EndGlobalSection
	GlobalSection(ProjectConfigurationPlatforms) = postSolution
		{133A059C-2CA1-4F6C-9EBD-B7AB3B186ADA}.Debug|Any CPU.ActiveCfg = Debug|Any CPU
		{133A059C-2CA1-4F6C-9EBD-B7AB3B186ADA}.Debug|Any CPU.Build.0 = Debug|Any CPU
		{133A059C-2CA1-4F6C-9EBD-B7AB3B186ADA}.Release|Any CPU.ActiveCfg = Release|Any CPU
		{133A059C-2CA1-4F6C-9EBD-B7AB3B186ADA}.Release|Any CPU.Build.0 = Release|Any CPU
	EndGlobalSection
	GlobalSection(SolutionProperties) = preSolution
		HideSolutionNode = FALSE
	EndGlobalSection
	GlobalSection(ExtensibilityGlobals) = postSolution
		SolutionGuid = {03B418C9-D4BD-4D66-B199-66A6AC7E1706}
	EndGlobalSection
EndGlobal
