
Microsoft Visual Studio Solution File, Format Version 12.00
# Visual Studio Version 16
VisualStudioVersion = 16.0.31605.320
MinimumVisualStudioVersion = 10.0.40219.1
Project("{FAE04EC0-301F-11D3-BF4B-00C04F79EFBC}") = "WCF_HOST", "WCF_HOST\WCF_HOST.csproj", "{4A88D44E-6963-43FB-99B4-8B975126C839}"
EndProject
Project("{FAE04EC0-301F-11D3-BF4B-00C04F79EFBC}") = "MVCCore_Client", "MVCCore_Client\MVCCore_Client.csproj", "{A299519E-A84C-4BC5-BB60-A4E173F69313}"
EndProject
Global
	GlobalSection(SolutionConfigurationPlatforms) = preSolution
		Debug|Any CPU = Debug|Any CPU
		Release|Any CPU = Release|Any CPU
	EndGlobalSection
	GlobalSection(ProjectConfigurationPlatforms) = postSolution
		{4A88D44E-6963-43FB-99B4-8B975126C839}.Debug|Any CPU.ActiveCfg = Debug|Any CPU
		{4A88D44E-6963-43FB-99B4-8B975126C839}.Debug|Any CPU.Build.0 = Debug|Any CPU
		{4A88D44E-6963-43FB-99B4-8B975126C839}.Release|Any CPU.ActiveCfg = Release|Any CPU
		{4A88D44E-6963-43FB-99B4-8B975126C839}.Release|Any CPU.Build.0 = Release|Any CPU
		{A299519E-A84C-4BC5-BB60-A4E173F69313}.Debug|Any CPU.ActiveCfg = Debug|Any CPU
		{A299519E-A84C-4BC5-BB60-A4E173F69313}.Debug|Any CPU.Build.0 = Debug|Any CPU
		{A299519E-A84C-4BC5-BB60-A4E173F69313}.Release|Any CPU.ActiveCfg = Release|Any CPU
		{A299519E-A84C-4BC5-BB60-A4E173F69313}.Release|Any CPU.Build.0 = Release|Any CPU
	EndGlobalSection
	GlobalSection(SolutionProperties) = preSolution
		HideSolutionNode = FALSE
	EndGlobalSection
	GlobalSection(ExtensibilityGlobals) = postSolution
		SolutionGuid = {F07E9FDC-ED34-48E0-BEB2-E624782C7CC4}
	EndGlobalSection
EndGlobal
