
Microsoft Visual Studio Solution File, Format Version 12.00
# Visual Studio Version 16
VisualStudioVersion = 16.0.31605.320
MinimumVisualStudioVersion = 10.0.40219.1
Project("{FAE04EC0-301F-11D3-BF4B-00C04F79EFBC}") = "EnumEX", "EnumEX\EnumEX.csproj", "{1DC9D5FC-B49E-4FCB-B7AC-B91F20B6AC89}"
EndProject
Global
	GlobalSection(SolutionConfigurationPlatforms) = preSolution
		Debug|Any CPU = Debug|Any CPU
		Release|Any CPU = Release|Any CPU
	EndGlobalSection
	GlobalSection(ProjectConfigurationPlatforms) = postSolution
		{1DC9D5FC-B49E-4FCB-B7AC-B91F20B6AC89}.Debug|Any CPU.ActiveCfg = Debug|Any CPU
		{1DC9D5FC-B49E-4FCB-B7AC-B91F20B6AC89}.Debug|Any CPU.Build.0 = Debug|Any CPU
		{1DC9D5FC-B49E-4FCB-B7AC-B91F20B6AC89}.Release|Any CPU.ActiveCfg = Release|Any CPU
		{1DC9D5FC-B49E-4FCB-B7AC-B91F20B6AC89}.Release|Any CPU.Build.0 = Release|Any CPU
	EndGlobalSection
	GlobalSection(SolutionProperties) = preSolution
		HideSolutionNode = FALSE
	EndGlobalSection
	GlobalSection(ExtensibilityGlobals) = postSolution
		SolutionGuid = {BEF5B77E-7BCD-44B9-A986-D6FC6C3C9881}
	EndGlobalSection
EndGlobal
