
Microsoft Visual Studio Solution File, Format Version 12.00
# Visual Studio Version 16
VisualStudioVersion = 16.0.31605.320
MinimumVisualStudioVersion = 10.0.40219.1
Project("{FAE04EC0-301F-11D3-BF4B-00C04F79EFBC}") = "LinkedListDemo", "LinkedListDemo\LinkedListDemo.csproj", "{1B803C59-901E-4758-9999-9E2A9C41E295}"
EndProject
Global
	GlobalSection(SolutionConfigurationPlatforms) = preSolution
		Debug|Any CPU = Debug|Any CPU
		Release|Any CPU = Release|Any CPU
	EndGlobalSection
	GlobalSection(ProjectConfigurationPlatforms) = postSolution
		{1B803C59-901E-4758-9999-9E2A9C41E295}.Debug|Any CPU.ActiveCfg = Debug|Any CPU
		{1B803C59-901E-4758-9999-9E2A9C41E295}.Debug|Any CPU.Build.0 = Debug|Any CPU
		{1B803C59-901E-4758-9999-9E2A9C41E295}.Release|Any CPU.ActiveCfg = Release|Any CPU
		{1B803C59-901E-4758-9999-9E2A9C41E295}.Release|Any CPU.Build.0 = Release|Any CPU
	EndGlobalSection
	GlobalSection(SolutionProperties) = preSolution
		HideSolutionNode = FALSE
	EndGlobalSection
	GlobalSection(ExtensibilityGlobals) = postSolution
		SolutionGuid = {2211BC79-B52B-463C-89DE-851687CF7A46}
	EndGlobalSection
EndGlobal
